
Microsoft Visual Studio Solution File, Format Version 12.00
# Visual Studio Version 17
VisualStudioVersion = 17.7.34031.279
MinimumVisualStudioVersion = 10.0.40219.1
Project("{FAE04EC0-301F-11D3-BF4B-00C04F79EFBC}") = "ElementsNextGen", "ElementsNextGen.csproj", "{6769BE23-3C2D-46FF-B9A9-92177DF83B8D}"
EndProject
Global
	GlobalSection(SolutionConfigurationPlatforms) = preSolution
		Debug|Any CPU = Debug|Any CPU
		Release|Any CPU = Release|Any CPU
	EndGlobalSection
	GlobalSection(ProjectConfigurationPlatforms) = postSolution
		{6769BE23-3C2D-46FF-B9A9-92177DF83B8D}.Debug|Any CPU.ActiveCfg = Debug|Any CPU
		{6769BE23-3C2D-46FF-B9A9-92177DF83B8D}.Debug|Any CPU.Build.0 = Debug|Any CPU
		{6769BE23-3C2D-46FF-B9A9-92177DF83B8D}.Release|Any CPU.ActiveCfg = Release|Any CPU
		{6769BE23-3C2D-46FF-B9A9-92177DF83B8D}.Release|Any CPU.Build.0 = Release|Any CPU
	EndGlobalSection
	GlobalSection(SolutionProperties) = preSolution
		HideSolutionNode = FALSE
	EndGlobalSection
	GlobalSection(ExtensibilityGlobals) = postSolution
		SolutionGuid = {2A4D79F1-4C11-4776-91AB-0C01E9156CAB}
	EndGlobalSection
EndGlobal
